// !$*UTF8*$!
{
	archiveVersion = 1;
	classes = {
	};
	objectVersion = 48;
	objects = {

/* Begin PBXBuildFile section */
		07C752232F89E5E6E3A80FF4 /* Pods_FlixTests.framework in Frameworks */ = {isa = PBXBuildFile; fileRef = F4B44B5525FB4BCE8ACD106B /* Pods_FlixTests.framework */; };
		2343018A200C1A4B001385D4 /* AppDelegate.swift in Sources */ = {isa = PBXBuildFile; fileRef = 23430189200C1A4B001385D4 /* AppDelegate.swift */; };
		2343018F200C1A4B001385D4 /* Main.storyboard in Resources */ = {isa = PBXBuildFile; fileRef = 2343018D200C1A4B001385D4 /* Main.storyboard */; };
		23430191200C1A4B001385D4 /* Assets.xcassets in Resources */ = {isa = PBXBuildFile; fileRef = 23430190200C1A4B001385D4 /* Assets.xcassets */; };
		23430194200C1A4B001385D4 /* LaunchScreen.storyboard in Resources */ = {isa = PBXBuildFile; fileRef = 23430192200C1A4B001385D4 /* LaunchScreen.storyboard */; };
		2343019F200C1A4B001385D4 /* FlixTests.swift in Sources */ = {isa = PBXBuildFile; fileRef = 2343019E200C1A4B001385D4 /* FlixTests.swift */; };
		234301AA200C1A4B001385D4 /* FlixUITests.swift in Sources */ = {isa = PBXBuildFile; fileRef = 234301A9200C1A4B001385D4 /* FlixUITests.swift */; };
		237DCA8A202BC3F600A0E3F7 /* Movie.swift in Sources */ = {isa = PBXBuildFile; fileRef = 237DCA89202BC3F600A0E3F7 /* Movie.swift */; };
		237DCA8C202BCB4C00A0E3F7 /* MovieApiManager.swift in Sources */ = {isa = PBXBuildFile; fileRef = 237DCA8B202BCB4C00A0E3F7 /* MovieApiManager.swift */; };
		23FC50E02019562D0006F336 /* Now PlayingViewController.swift in Sources */ = {isa = PBXBuildFile; fileRef = 23FC50DB2019562C0006F336 /* Now PlayingViewController.swift */; };
		23FC50E12019562D0006F336 /* DetailViewController.swift in Sources */ = {isa = PBXBuildFile; fileRef = 23FC50DC2019562D0006F336 /* DetailViewController.swift */; };
		23FC50E22019562D0006F336 /* PosterCell.swift in Sources */ = {isa = PBXBuildFile; fileRef = 23FC50DD2019562D0006F336 /* PosterCell.swift */; };
		23FC50E32019562D0006F336 /* MovieCell.swift in Sources */ = {isa = PBXBuildFile; fileRef = 23FC50DE2019562D0006F336 /* MovieCell.swift */; };
		23FC50E42019562D0006F336 /* SuperheroViewController.swift in Sources */ = {isa = PBXBuildFile; fileRef = 23FC50DF2019562D0006F336 /* SuperheroViewController.swift */; };
		318EAE4C9FAC687452749025 /* Pods_FlixUITests.framework in Frameworks */ = {isa = PBXBuildFile; fileRef = 75D67EBBD54E6FF34337FABA /* Pods_FlixUITests.framework */; };
		687310240504462AA056641D /* Pods_Flix.framework in Frameworks */ = {isa = PBXBuildFile; fileRef = 102623F39A8E7A3F7B4FB13C /* Pods_Flix.framework */; };
/* End PBXBuildFile section */

/* Begin PBXContainerItemProxy section */
		2343019B200C1A4B001385D4 /* PBXContainerItemProxy */ = {
			isa = PBXContainerItemProxy;
			containerPortal = 2343017E200C1A4A001385D4 /* Project object */;
			proxyType = 1;
			remoteGlobalIDString = 23430185200C1A4A001385D4;
			remoteInfo = Flix;
		};
		234301A6200C1A4B001385D4 /* PBXContainerItemProxy */ = {
			isa = PBXContainerItemProxy;
			containerPortal = 2343017E200C1A4A001385D4 /* Project object */;
			proxyType = 1;
			remoteGlobalIDString = 23430185200C1A4A001385D4;
			remoteInfo = Flix;
		};
/* End PBXContainerItemProxy section */

/* Begin PBXFileReference section */
		102623F39A8E7A3F7B4FB13C /* Pods_Flix.framework */ = {isa = PBXFileReference; explicitFileType = wrapper.framework; includeInIndex = 0; path = Pods_Flix.framework; sourceTree = BUILT_PRODUCTS_DIR; };
		13225E7F340A301661FBA38C /* Pods-Flix.release.xcconfig */ = {isa = PBXFileReference; includeInIndex = 1; lastKnownFileType = text.xcconfig; name = "Pods-Flix.release.xcconfig"; path = "Pods/Target Support Files/Pods-Flix/Pods-Flix.release.xcconfig"; sourceTree = "<group>"; };
		23430186200C1A4B001385D4 /* Flix.app */ = {isa = PBXFileReference; explicitFileType = wrapper.application; includeInIndex = 0; path = Flix.app; sourceTree = BUILT_PRODUCTS_DIR; };
		23430189200C1A4B001385D4 /* AppDelegate.swift */ = {isa = PBXFileReference; lastKnownFileType = sourcecode.swift; path = AppDelegate.swift; sourceTree = "<group>"; };
		2343018E200C1A4B001385D4 /* Base */ = {isa = PBXFileReference; lastKnownFileType = file.storyboard; name = Base; path = Base.lproj/Main.storyboard; sourceTree = "<group>"; };
		23430190200C1A4B001385D4 /* Assets.xcassets */ = {isa = PBXFileReference; lastKnownFileType = folder.assetcatalog; path = Assets.xcassets; sourceTree = "<group>"; };
		23430193200C1A4B001385D4 /* Base */ = {isa = PBXFileReference; lastKnownFileType = file.storyboard; name = Base; path = Base.lproj/LaunchScreen.storyboard; sourceTree = "<group>"; };
		23430195200C1A4B001385D4 /* Info.plist */ = {isa = PBXFileReference; lastKnownFileType = text.plist.xml; path = Info.plist; sourceTree = "<group>"; };
		2343019A200C1A4B001385D4 /* FlixTests.xctest */ = {isa = PBXFileReference; explicitFileType = wrapper.cfbundle; includeInIndex = 0; path = FlixTests.xctest; sourceTree = BUILT_PRODUCTS_DIR; };
		2343019E200C1A4B001385D4 /* FlixTests.swift */ = {isa = PBXFileReference; lastKnownFileType = sourcecode.swift; path = FlixTests.swift; sourceTree = "<group>"; };
		234301A0200C1A4B001385D4 /* Info.plist */ = {isa = PBXFileReference; lastKnownFileType = text.plist.xml; path = Info.plist; sourceTree = "<group>"; };
		234301A5200C1A4B001385D4 /* FlixUITests.xctest */ = {isa = PBXFileReference; explicitFileType = wrapper.cfbundle; includeInIndex = 0; path = FlixUITests.xctest; sourceTree = BUILT_PRODUCTS_DIR; };
		234301A9200C1A4B001385D4 /* FlixUITests.swift */ = {isa = PBXFileReference; lastKnownFileType = sourcecode.swift; path = FlixUITests.swift; sourceTree = "<group>"; };
		234301AB200C1A4B001385D4 /* Info.plist */ = {isa = PBXFileReference; lastKnownFileType = text.plist.xml; path = Info.plist; sourceTree = "<group>"; };
		237DCA89202BC3F600A0E3F7 /* Movie.swift */ = {isa = PBXFileReference; lastKnownFileType = sourcecode.swift; path = Movie.swift; sourceTree = "<group>"; };
		237DCA8B202BCB4C00A0E3F7 /* MovieApiManager.swift */ = {isa = PBXFileReference; lastKnownFileType = sourcecode.swift; path = MovieApiManager.swift; sourceTree = "<group>"; };
		23FC50DB2019562C0006F336 /* Now PlayingViewController.swift */ = {isa = PBXFileReference; fileEncoding = 4; lastKnownFileType = sourcecode.swift; path = "Now PlayingViewController.swift"; sourceTree = "<group>"; };
		23FC50DC2019562D0006F336 /* DetailViewController.swift */ = {isa = PBXFileReference; fileEncoding = 4; lastKnownFileType = sourcecode.swift; path = DetailViewController.swift; sourceTree = "<group>"; };
		23FC50DD2019562D0006F336 /* PosterCell.swift */ = {isa = PBXFileReference; fileEncoding = 4; lastKnownFileType = sourcecode.swift; path = PosterCell.swift; sourceTree = "<group>"; };
		23FC50DE2019562D0006F336 /* MovieCell.swift */ = {isa = PBXFileReference; fileEncoding = 4; lastKnownFileType = sourcecode.swift; path = MovieCell.swift; sourceTree = "<group>"; };
		23FC50DF2019562D0006F336 /* SuperheroViewController.swift */ = {isa = PBXFileReference; fileEncoding = 4; lastKnownFileType = sourcecode.swift; path = SuperheroViewController.swift; sourceTree = "<group>"; };
		2E4AC23496694CF4011D86DC /* Pods-FlixUITests.debug.xcconfig */ = {isa = PBXFileReference; includeInIndex = 1; lastKnownFileType = text.xcconfig; name = "Pods-FlixUITests.debug.xcconfig"; path = "Pods/Target Support Files/Pods-FlixUITests/Pods-FlixUITests.debug.xcconfig"; sourceTree = "<group>"; };
		55BB96CE3E898600989F7273 /* Pods-FlixTests.release.xcconfig */ = {isa = PBXFileReference; includeInIndex = 1; lastKnownFileType = text.xcconfig; name = "Pods-FlixTests.release.xcconfig"; path = "Pods/Target Support Files/Pods-FlixTests/Pods-FlixTests.release.xcconfig"; sourceTree = "<group>"; };
		75D67EBBD54E6FF34337FABA /* Pods_FlixUITests.framework */ = {isa = PBXFileReference; explicitFileType = wrapper.framework; includeInIndex = 0; path = Pods_FlixUITests.framework; sourceTree = BUILT_PRODUCTS_DIR; };
		C8B13D0F5AC4F3B16CDC7A17 /* Pods-Flix.debug.xcconfig */ = {isa = PBXFileReference; includeInIndex = 1; lastKnownFileType = text.xcconfig; name = "Pods-Flix.debug.xcconfig"; path = "Pods/Target Support Files/Pods-Flix/Pods-Flix.debug.xcconfig"; sourceTree = "<group>"; };
		F041C25F4A93BDB83F0C894D /* Pods-FlixTests.debug.xcconfig */ = {isa = PBXFileReference; includeInIndex = 1; lastKnownFileType = text.xcconfig; name = "Pods-FlixTests.debug.xcconfig"; path = "Pods/Target Support Files/Pods-FlixTests/Pods-FlixTests.debug.xcconfig"; sourceTree = "<group>"; };
		F4B44B5525FB4BCE8ACD106B /* Pods_FlixTests.framework */ = {isa = PBXFileReference; explicitFileType = wrapper.framework; includeInIndex = 0; path = Pods_FlixTests.framework; sourceTree = BUILT_PRODUCTS_DIR; };
		F55AFDDD5B729AC528120628 /* Pods-FlixUITests.release.xcconfig */ = {isa = PBXFileReference; includeInIndex = 1; lastKnownFileType = text.xcconfig; name = "Pods-FlixUITests.release.xcconfig"; path = "Pods/Target Support Files/Pods-FlixUITests/Pods-FlixUITests.release.xcconfig"; sourceTree = "<group>"; };
/* End PBXFileReference section */

/* Begin PBXFrameworksBuildPhase section */
		23430183200C1A4A001385D4 /* Frameworks */ = {
			isa = PBXFrameworksBuildPhase;
			buildActionMask = 2147483647;
			files = (
				687310240504462AA056641D /* Pods_Flix.framework in Frameworks */,
			);
			runOnlyForDeploymentPostprocessing = 0;
		};
		23430197200C1A4B001385D4 /* Frameworks */ = {
			isa = PBXFrameworksBuildPhase;
			buildActionMask = 2147483647;
			files = (
				07C752232F89E5E6E3A80FF4 /* Pods_FlixTests.framework in Frameworks */,
			);
			runOnlyForDeploymentPostprocessing = 0;
		};
		234301A2200C1A4B001385D4 /* Frameworks */ = {
			isa = PBXFrameworksBuildPhase;
			buildActionMask = 2147483647;
			files = (
				318EAE4C9FAC687452749025 /* Pods_FlixUITests.framework in Frameworks */,
			);
			runOnlyForDeploymentPostprocessing = 0;
		};
/* End PBXFrameworksBuildPhase section */

/* Begin PBXGroup section */
		04C3FFB0636B455E7C6E1970 /* Pods */ = {
			isa = PBXGroup;
			children = (
				C8B13D0F5AC4F3B16CDC7A17 /* Pods-Flix.debug.xcconfig */,
				13225E7F340A301661FBA38C /* Pods-Flix.release.xcconfig */,
				F041C25F4A93BDB83F0C894D /* Pods-FlixTests.debug.xcconfig */,
				55BB96CE3E898600989F7273 /* Pods-FlixTests.release.xcconfig */,
				2E4AC23496694CF4011D86DC /* Pods-FlixUITests.debug.xcconfig */,
				F55AFDDD5B729AC528120628 /* Pods-FlixUITests.release.xcconfig */,
			);
			name = Pods;
			sourceTree = "<group>";
		};
		2343017D200C1A4A001385D4 = {
			isa = PBXGroup;
			children = (
				23430188200C1A4B001385D4 /* Flix */,
				2343019D200C1A4B001385D4 /* FlixTests */,
				234301A8200C1A4B001385D4 /* FlixUITests */,
				23430187200C1A4B001385D4 /* Products */,
				04C3FFB0636B455E7C6E1970 /* Pods */,
				F2A5A774309106FD1B05E064 /* Frameworks */,
			);
			sourceTree = "<group>";
		};
		23430187200C1A4B001385D4 /* Products */ = {
			isa = PBXGroup;
			children = (
				23430186200C1A4B001385D4 /* Flix.app */,
				2343019A200C1A4B001385D4 /* FlixTests.xctest */,
				234301A5200C1A4B001385D4 /* FlixUITests.xctest */,
			);
			name = Products;
			sourceTree = "<group>";
		};
		23430188200C1A4B001385D4 /* Flix */ = {
			isa = PBXGroup;
			children = (
				23FC50DC2019562D0006F336 /* DetailViewController.swift */,
				23FC50DE2019562D0006F336 /* MovieCell.swift */,
				23FC50DB2019562C0006F336 /* Now PlayingViewController.swift */,
				23FC50DD2019562D0006F336 /* PosterCell.swift */,
				23FC50DF2019562D0006F336 /* SuperheroViewController.swift */,
				23430189200C1A4B001385D4 /* AppDelegate.swift */,
				2343018D200C1A4B001385D4 /* Main.storyboard */,
				23430190200C1A4B001385D4 /* Assets.xcassets */,
				23430192200C1A4B001385D4 /* LaunchScreen.storyboard */,
				23430195200C1A4B001385D4 /* Info.plist */,
				237DCA89202BC3F600A0E3F7 /* Movie.swift */,
				237DCA8B202BCB4C00A0E3F7 /* MovieApiManager.swift */,
			);
			path = Flix;
			sourceTree = "<group>";
		};
		2343019D200C1A4B001385D4 /* FlixTests */ = {
			isa = PBXGroup;
			children = (
				2343019E200C1A4B001385D4 /* FlixTests.swift */,
				234301A0200C1A4B001385D4 /* Info.plist */,
			);
			path = FlixTests;
			sourceTree = "<group>";
		};
		234301A8200C1A4B001385D4 /* FlixUITests */ = {
			isa = PBXGroup;
			children = (
				234301A9200C1A4B001385D4 /* FlixUITests.swift */,
				234301AB200C1A4B001385D4 /* Info.plist */,
			);
			path = FlixUITests;
			sourceTree = "<group>";
		};
		F2A5A774309106FD1B05E064 /* Frameworks */ = {
			isa = PBXGroup;
			children = (
				102623F39A8E7A3F7B4FB13C /* Pods_Flix.framework */,
				F4B44B5525FB4BCE8ACD106B /* Pods_FlixTests.framework */,
				75D67EBBD54E6FF34337FABA /* Pods_FlixUITests.framework */,
			);
			name = Frameworks;
			sourceTree = "<group>";
		};
/* End PBXGroup section */

/* Begin PBXNativeTarget section */
		23430185200C1A4A001385D4 /* Flix */ = {
			isa = PBXNativeTarget;
			buildConfigurationList = 234301AE200C1A4B001385D4 /* Build configuration list for PBXNativeTarget "Flix" */;
			buildPhases = (
				F30EACB42C4FE5067B2252FF /* [CP] Check Pods Manifest.lock */,
				23430182200C1A4A001385D4 /* Sources */,
				23430183200C1A4A001385D4 /* Frameworks */,
				23430184200C1A4A001385D4 /* Resources */,
				B20AA908B8E79A539571A0D4 /* [CP] Embed Pods Frameworks */,
				4DED1DF85E7574421B47C6A6 /* [CP] Copy Pods Resources */,
			);
			buildRules = (
			);
			dependencies = (
			);
			name = Flix;
			productName = Flix;
			productReference = 23430186200C1A4B001385D4 /* Flix.app */;
			productType = "com.apple.product-type.application";
		};
		23430199200C1A4B001385D4 /* FlixTests */ = {
			isa = PBXNativeTarget;
			buildConfigurationList = 234301B1200C1A4B001385D4 /* Build configuration list for PBXNativeTarget "FlixTests" */;
			buildPhases = (
				915336CE2FE4154EF8675BD7 /* [CP] Check Pods Manifest.lock */,
				23430196200C1A4B001385D4 /* Sources */,
				23430197200C1A4B001385D4 /* Frameworks */,
				23430198200C1A4B001385D4 /* Resources */,
				B68D7C5061DB015DB79CCCA9 /* [CP] Embed Pods Frameworks */,
				997C3D594B882DAD3BDF2186 /* [CP] Copy Pods Resources */,
			);
			buildRules = (
			);
			dependencies = (
				2343019C200C1A4B001385D4 /* PBXTargetDependency */,
			);
			name = FlixTests;
			productName = FlixTests;
			productReference = 2343019A200C1A4B001385D4 /* FlixTests.xctest */;
			productType = "com.apple.product-type.bundle.unit-test";
		};
		234301A4200C1A4B001385D4 /* FlixUITests */ = {
			isa = PBXNativeTarget;
			buildConfigurationList = 234301B4200C1A4B001385D4 /* Build configuration list for PBXNativeTarget "FlixUITests" */;
			buildPhases = (
				2BF94D32EB5A5F77EA1A52C0 /* [CP] Check Pods Manifest.lock */,
				234301A1200C1A4B001385D4 /* Sources */,
				234301A2200C1A4B001385D4 /* Frameworks */,
				234301A3200C1A4B001385D4 /* Resources */,
				CDDFBD2A8722C58B42A5B908 /* [CP] Embed Pods Frameworks */,
				5B7E5A823B77F8BE5027B54B /* [CP] Copy Pods Resources */,
			);
			buildRules = (
			);
			dependencies = (
				234301A7200C1A4B001385D4 /* PBXTargetDependency */,
			);
			name = FlixUITests;
			productName = FlixUITests;
			productReference = 234301A5200C1A4B001385D4 /* FlixUITests.xctest */;
			productType = "com.apple.product-type.bundle.ui-testing";
		};
/* End PBXNativeTarget section */

/* Begin PBXProject section */
		2343017E200C1A4A001385D4 /* Project object */ = {
			isa = PBXProject;
			attributes = {
				LastSwiftUpdateCheck = 0920;
				LastUpgradeCheck = 0920;
				ORGANIZATIONNAME = "Hussain Almajed";
				TargetAttributes = {
					23430185200C1A4A001385D4 = {
						CreatedOnToolsVersion = 9.2;
						ProvisioningStyle = Automatic;
					};
					23430199200C1A4B001385D4 = {
						CreatedOnToolsVersion = 9.2;
						ProvisioningStyle = Automatic;
						TestTargetID = 23430185200C1A4A001385D4;
					};
					234301A4200C1A4B001385D4 = {
						CreatedOnToolsVersion = 9.2;
						ProvisioningStyle = Automatic;
						TestTargetID = 23430185200C1A4A001385D4;
					};
				};
			};
			buildConfigurationList = 23430181200C1A4A001385D4 /* Build configuration list for PBXProject "Flix" */;
			compatibilityVersion = "Xcode 8.0";
			developmentRegion = en;
			hasScannedForEncodings = 0;
			knownRegions = (
				en,
				Base,
			);
			mainGroup = 2343017D200C1A4A001385D4;
			productRefGroup = 23430187200C1A4B001385D4 /* Products */;
			projectDirPath = "";
			projectRoot = "";
			targets = (
				23430185200C1A4A001385D4 /* Flix */,
				23430199200C1A4B001385D4 /* FlixTests */,
				234301A4200C1A4B001385D4 /* FlixUITests */,
			);
		};
/* End PBXProject section */

/* Begin PBXResourcesBuildPhase section */
		23430184200C1A4A001385D4 /* Resources */ = {
			isa = PBXResourcesBuildPhase;
			buildActionMask = 2147483647;
			files = (
				23430194200C1A4B001385D4 /* LaunchScreen.storyboard in Resources */,
				23430191200C1A4B001385D4 /* Assets.xcassets in Resources */,
				2343018F200C1A4B001385D4 /* Main.storyboard in Resources */,
			);
			runOnlyForDeploymentPostprocessing = 0;
		};
		23430198200C1A4B001385D4 /* Resources */ = {
			isa = PBXResourcesBuildPhase;
			buildActionMask = 2147483647;
			files = (
			);
			runOnlyForDeploymentPostprocessing = 0;
		};
		234301A3200C1A4B001385D4 /* Resources */ = {
			isa = PBXResourcesBuildPhase;
			buildActionMask = 2147483647;
			files = (
			);
			runOnlyForDeploymentPostprocessing = 0;
		};
/* End PBXResourcesBuildPhase section */

/* Begin PBXShellScriptBuildPhase section */
		2BF94D32EB5A5F77EA1A52C0 /* [CP] Check Pods Manifest.lock */ = {
			isa = PBXShellScriptBuildPhase;
			buildActionMask = 2147483647;
			files = (
			);
			inputPaths = (
				"${PODS_PODFILE_DIR_PATH}/Podfile.lock",
				"${PODS_ROOT}/Manifest.lock",
			);
			name = "[CP] Check Pods Manifest.lock";
			outputPaths = (
				"$(DERIVED_FILE_DIR)/Pods-FlixUITests-checkManifestLockResult.txt",
			);
			runOnlyForDeploymentPostprocessing = 0;
			shellPath = /bin/sh;
			shellScript = "diff \"${PODS_PODFILE_DIR_PATH}/Podfile.lock\" \"${PODS_ROOT}/Manifest.lock\" > /dev/null\nif [ $? != 0 ] ; then\n    # print error to STDERR\n    echo \"error: The sandbox is not in sync with the Podfile.lock. Run 'pod install' or update your CocoaPods installation.\" >&2\n    exit 1\nfi\n# This output is used by Xcode 'outputs' to avoid re-running this script phase.\necho \"SUCCESS\" > \"${SCRIPT_OUTPUT_FILE_0}\"\n";
			showEnvVarsInLog = 0;
		};
		4DED1DF85E7574421B47C6A6 /* [CP] Copy Pods Resources */ = {
			isa = PBXShellScriptBuildPhase;
			buildActionMask = 2147483647;
			files = (
			);
			inputPaths = (
			);
			name = "[CP] Copy Pods Resources";
			outputPaths = (
			);
			runOnlyForDeploymentPostprocessing = 0;
			shellPath = /bin/sh;
			shellScript = "\"${SRCROOT}/Pods/Target Support Files/Pods-Flix/Pods-Flix-resources.sh\"\n";
			showEnvVarsInLog = 0;
		};
		5B7E5A823B77F8BE5027B54B /* [CP] Copy Pods Resources */ = {
			isa = PBXShellScriptBuildPhase;
			buildActionMask = 2147483647;
			files = (
			);
			inputPaths = (
			);
			name = "[CP] Copy Pods Resources";
			outputPaths = (
			);
			runOnlyForDeploymentPostprocessing = 0;
			shellPath = /bin/sh;
			shellScript = "\"${SRCROOT}/Pods/Target Support Files/Pods-FlixUITests/Pods-FlixUITests-resources.sh\"\n";
			showEnvVarsInLog = 0;
		};
		915336CE2FE4154EF8675BD7 /* [CP] Check Pods Manifest.lock */ = {
			isa = PBXShellScriptBuildPhase;
			buildActionMask = 2147483647;
			files = (
			);
			inputPaths = (
				"${PODS_PODFILE_DIR_PATH}/Podfile.lock",
				"${PODS_ROOT}/Manifest.lock",
			);
			name = "[CP] Check Pods Manifest.lock";
			outputPaths = (
				"$(DERIVED_FILE_DIR)/Pods-FlixTests-checkManifestLockResult.txt",
			);
			runOnlyForDeploymentPostprocessing = 0;
			shellPath = /bin/sh;
			shellScript = "diff \"${PODS_PODFILE_DIR_PATH}/Podfile.lock\" \"${PODS_ROOT}/Manifest.lock\" > /dev/null\nif [ $? != 0 ] ; then\n    # print error to STDERR\n    echo \"error: The sandbox is not in sync with the Podfile.lock. Run 'pod install' or update your CocoaPods installation.\" >&2\n    exit 1\nfi\n# This output is used by Xcode 'outputs' to avoid re-running this script phase.\necho \"SUCCESS\" > \"${SCRIPT_OUTPUT_FILE_0}\"\n";
			showEnvVarsInLog = 0;
		};
		997C3D594B882DAD3BDF2186 /* [CP] Copy Pods Resources */ = {
			isa = PBXShellScriptBuildPhase;
			buildActionMask = 2147483647;
			files = (
			);
			inputPaths = (
			);
			name = "[CP] Copy Pods Resources";
			outputPaths = (
			);
			runOnlyForDeploymentPostprocessing = 0;
			shellPath = /bin/sh;
			shellScript = "\"${SRCROOT}/Pods/Target Support Files/Pods-FlixTests/Pods-FlixTests-resources.sh\"\n";
			showEnvVarsInLog = 0;
		};
		B20AA908B8E79A539571A0D4 /* [CP] Embed Pods Frameworks */ = {
			isa = PBXShellScriptBuildPhase;
			buildActionMask = 2147483647;
			files = (
			);
			inputPaths = (
				"${SRCROOT}/Pods/Target Support Files/Pods-Flix/Pods-Flix-frameworks.sh",
				"${BUILT_PRODUCTS_DIR}/Alamofire/Alamofire.framework",
				"${BUILT_PRODUCTS_DIR}/AlamofireImage/AlamofireImage.framework",
			);
			name = "[CP] Embed Pods Frameworks";
			outputPaths = (
				"${TARGET_BUILD_DIR}/${FRAMEWORKS_FOLDER_PATH}/Alamofire.framework",
				"${TARGET_BUILD_DIR}/${FRAMEWORKS_FOLDER_PATH}/AlamofireImage.framework",
			);
			runOnlyForDeploymentPostprocessing = 0;
			shellPath = /bin/sh;
			shellScript = "\"${SRCROOT}/Pods/Target Support Files/Pods-Flix/Pods-Flix-frameworks.sh\"\n";
			showEnvVarsInLog = 0;
		};
		B68D7C5061DB015DB79CCCA9 /* [CP] Embed Pods Frameworks */ = {
			isa = PBXShellScriptBuildPhase;
			buildActionMask = 2147483647;
			files = (
			);
			inputPaths = (
			);
			name = "[CP] Embed Pods Frameworks";
			outputPaths = (
			);
			runOnlyForDeploymentPostprocessing = 0;
			shellPath = /bin/sh;
			shellScript = "\"${SRCROOT}/Pods/Target Support Files/Pods-FlixTests/Pods-FlixTests-frameworks.sh\"\n";
			showEnvVarsInLog = 0;
		};
		CDDFBD2A8722C58B42A5B908 /* [CP] Embed Pods Frameworks */ = {
			isa = PBXShellScriptBuildPhase;
			buildActionMask = 2147483647;
			files = (
			);
			inputPaths = (
			);
			name = "[CP] Embed Pods Frameworks";
			outputPaths = (
			);
			runOnlyForDeploymentPostprocessing = 0;
			shellPath = /bin/sh;
			shellScript = "\"${SRCROOT}/Pods/Target Support Files/Pods-FlixUITests/Pods-FlixUITests-frameworks.sh\"\n";
			showEnvVarsInLog = 0;
		};
		F30EACB42C4FE5067B2252FF /* [CP] Check Pods Manifest.lock */ = {
			isa = PBXShellScriptBuildPhase;
			buildActionMask = 2147483647;
			files = (
			);
			inputPaths = (
				"${PODS_PODFILE_DIR_PATH}/Podfile.lock",
				"${PODS_ROOT}/Manifest.lock",
			);
			name = "[CP] Check Pods Manifest.lock";
			outputPaths = (
				"$(DERIVED_FILE_DIR)/Pods-Flix-checkManifestLockResult.txt",
			);
			runOnlyForDeploymentPostprocessing = 0;
			shellPath = /bin/sh;
			shellScript = "diff \"${PODS_PODFILE_DIR_PATH}/Podfile.lock\" \"${PODS_ROOT}/Manifest.lock\" > /dev/null\nif [ $? != 0 ] ; then\n    # print error to STDERR\n    echo \"error: The sandbox is not in sync with the Podfile.lock. Run 'pod install' or update your CocoaPods installation.\" >&2\n    exit 1\nfi\n# This output is used by Xcode 'outputs' to avoid re-running this script phase.\necho \"SUCCESS\" > \"${SCRIPT_OUTPUT_FILE_0}\"\n";
			showEnvVarsInLog = 0;
		};
/* End PBXShellScriptBuildPhase section */

/* Begin PBXSourcesBuildPhase section */
		23430182200C1A4A001385D4 /* Sources */ = {
			isa = PBXSourcesBuildPhase;
			buildActionMask = 2147483647;
			files = (
				237DCA8A202BC3F600A0E3F7 /* Movie.swift in Sources */,
				23FC50E22019562D0006F336 /* PosterCell.swift in Sources */,
				23FC50E12019562D0006F336 /* DetailViewController.swift in Sources */,
				23FC50E42019562D0006F336 /* SuperheroViewController.swift in Sources */,
				2343018A200C1A4B001385D4 /* AppDelegate.swift in Sources */,
				237DCA8C202BCB4C00A0E3F7 /* MovieApiManager.swift in Sources */,
				23FC50E32019562D0006F336 /* MovieCell.swift in Sources */,
				23FC50E02019562D0006F336 /* Now PlayingViewController.swift in Sources */,
			);
			runOnlyForDeploymentPostprocessing = 0;
		};
		23430196200C1A4B001385D4 /* Sources */ = {
			isa = PBXSourcesBuildPhase;
			buildActionMask = 2147483647;
			files = (
				2343019F200C1A4B001385D4 /* FlixTests.swift in Sources */,
			);
			runOnlyForDeploymentPostprocessing = 0;
		};
		234301A1200C1A4B001385D4 /* Sources */ = {
			isa = PBXSourcesBuildPhase;
			buildActionMask = 2147483647;
			files = (
				234301AA200C1A4B001385D4 /* FlixUITests.swift in Sources */,
			);
			runOnlyForDeploymentPostprocessing = 0;
		};
/* End PBXSourcesBuildPhase section */

/* Begin PBXTargetDependency section */
		2343019C200C1A4B001385D4 /* PBXTargetDependency */ = {
			isa = PBXTargetDependency;
			target = 23430185200C1A4A001385D4 /* Flix */;
			targetProxy = 2343019B200C1A4B001385D4 /* PBXContainerItemProxy */;
		};
		234301A7200C1A4B001385D4 /* PBXTargetDependency */ = {
			isa = PBXTargetDependency;
			target = 23430185200C1A4A001385D4 /* Flix */;
			targetProxy = 234301A6200C1A4B001385D4 /* PBXContainerItemProxy */;
		};
/* End PBXTargetDependency section */

/* Begin PBXVariantGroup section */
		2343018D200C1A4B001385D4 /* Main.storyboard */ = {
			isa = PBXVariantGroup;
			children = (
				2343018E200C1A4B001385D4 /* Base */,
			);
			name = Main.storyboard;
			sourceTree = "<group>";
		};
		23430192200C1A4B001385D4 /* LaunchScreen.storyboard */ = {
			isa = PBXVariantGroup;
			children = (
				23430193200C1A4B001385D4 /* Base */,
			);
			name = LaunchScreen.storyboard;
			sourceTree = "<group>";
		};
/* End PBXVariantGroup section */

/* Begin XCBuildConfiguration section */
		234301AC200C1A4B001385D4 /* Debug */ = {
			isa = XCBuildConfiguration;
			buildSettings = {
				ALWAYS_SEARCH_USER_PATHS = NO;
				CLANG_ANALYZER_NONNULL = YES;
				CLANG_ANALYZER_NUMBER_OBJECT_CONVERSION = YES_AGGRESSIVE;
				CLANG_CXX_LANGUAGE_STANDARD = "gnu++14";
				CLANG_CXX_LIBRARY = "libc++";
				CLANG_ENABLE_MODULES = YES;
				CLANG_ENABLE_OBJC_ARC = YES;
				CLANG_WARN_BLOCK_CAPTURE_AUTORELEASING = YES;
				CLANG_WARN_BOOL_CONVERSION = YES;
				CLANG_WARN_COMMA = YES;
				CLANG_WARN_CONSTANT_CONVERSION = YES;
				CLANG_WARN_DIRECT_OBJC_ISA_USAGE = YES_ERROR;
				CLANG_WARN_DOCUMENTATION_COMMENTS = YES;
				CLANG_WARN_EMPTY_BODY = YES;
				CLANG_WARN_ENUM_CONVERSION = YES;
				CLANG_WARN_INFINITE_RECURSION = YES;
				CLANG_WARN_INT_CONVERSION = YES;
				CLANG_WARN_NON_LITERAL_NULL_CONVERSION = YES;
				CLANG_WARN_OBJC_LITERAL_CONVERSION = YES;
				CLANG_WARN_OBJC_ROOT_CLASS = YES_ERROR;
				CLANG_WARN_RANGE_LOOP_ANALYSIS = YES;
				CLANG_WARN_STRICT_PROTOTYPES = YES;
				CLANG_WARN_SUSPICIOUS_MOVE = YES;
				CLANG_WARN_UNGUARDED_AVAILABILITY = YES_AGGRESSIVE;
				CLANG_WARN_UNREACHABLE_CODE = YES;
				CLANG_WARN__DUPLICATE_METHOD_MATCH = YES;
				CODE_SIGN_IDENTITY = "iPhone Developer";
				COPY_PHASE_STRIP = NO;
				DEBUG_INFORMATION_FORMAT = dwarf;
				ENABLE_STRICT_OBJC_MSGSEND = YES;
				ENABLE_TESTABILITY = YES;
				GCC_C_LANGUAGE_STANDARD = gnu11;
				GCC_DYNAMIC_NO_PIC = NO;
				GCC_NO_COMMON_BLOCKS = YES;
				GCC_OPTIMIZATION_LEVEL = 0;
				GCC_PREPROCESSOR_DEFINITIONS = (
					"DEBUG=1",
					"$(inherited)",
				);
				GCC_WARN_64_TO_32_BIT_CONVERSION = YES;
				GCC_WARN_ABOUT_RETURN_TYPE = YES_ERROR;
				GCC_WARN_UNDECLARED_SELECTOR = YES;
				GCC_WARN_UNINITIALIZED_AUTOS = YES_AGGRESSIVE;
				GCC_WARN_UNUSED_FUNCTION = YES;
				GCC_WARN_UNUSED_VARIABLE = YES;
				IPHONEOS_DEPLOYMENT_TARGET = 11.2;
				MTL_ENABLE_DEBUG_INFO = YES;
				ONLY_ACTIVE_ARCH = YES;
				SDKROOT = iphoneos;
				SWIFT_ACTIVE_COMPILATION_CONDITIONS = DEBUG;
				SWIFT_OPTIMIZATION_LEVEL = "-Onone";
			};
			name = Debug;
		};
		234301AD200C1A4B001385D4 /* Release */ = {
			isa = XCBuildConfiguration;
			buildSettings = {
				ALWAYS_SEARCH_USER_PATHS = NO;
				CLANG_ANALYZER_NONNULL = YES;
				CLANG_ANALYZER_NUMBER_OBJECT_CONVERSION = YES_AGGRESSIVE;
				CLANG_CXX_LANGUAGE_STANDARD = "gnu++14";
				CLANG_CXX_LIBRARY = "libc++";
				CLANG_ENABLE_MODULES = YES;
				CLANG_ENABLE_OBJC_ARC = YES;
				CLANG_WARN_BLOCK_CAPTURE_AUTORELEASING = YES;
				CLANG_WARN_BOOL_CONVERSION = YES;
				CLANG_WARN_COMMA = YES;
				CLANG_WARN_CONSTANT_CONVERSION = YES;
				CLANG_WARN_DIRECT_OBJC_ISA_USAGE = YES_ERROR;
				CLANG_WARN_DOCUMENTATION_COMMENTS = YES;
				CLANG_WARN_EMPTY_BODY = YES;
				CLANG_WARN_ENUM_CONVERSION = YES;
				CLANG_WARN_INFINITE_RECURSION = YES;
				CLANG_WARN_INT_CONVERSION = YES;
				CLANG_WARN_NON_LITERAL_NULL_CONVERSION = YES;
				CLANG_WARN_OBJC_LITERAL_CONVERSION = YES;
				CLANG_WARN_OBJC_ROOT_CLASS = YES_ERROR;
				CLANG_WARN_RANGE_LOOP_ANALYSIS = YES;
				CLANG_WARN_STRICT_PROTOTYPES = YES;
				CLANG_WARN_SUSPICIOUS_MOVE = YES;
				CLANG_WARN_UNGUARDED_AVAILABILITY = YES_AGGRESSIVE;
				CLANG_WARN_UNREACHABLE_CODE = YES;
				CLANG_WARN__DUPLICATE_METHOD_MATCH = YES;
				CODE_SIGN_IDENTITY = "iPhone Developer";
				COPY_PHASE_STRIP = NO;
				DEBUG_INFORMATION_FORMAT = "dwarf-with-dsym";
				ENABLE_NS_ASSERTIONS = NO;
				ENABLE_STRICT_OBJC_MSGSEND = YES;
				GCC_C_LANGUAGE_STANDARD = gnu11;
				GCC_NO_COMMON_BLOCKS = YES;
				GCC_WARN_64_TO_32_BIT_CONVERSION = YES;
				GCC_WARN_ABOUT_RETURN_TYPE = YES_ERROR;
				GCC_WARN_UNDECLARED_SELECTOR = YES;
				GCC_WARN_UNINITIALIZED_AUTOS = YES_AGGRESSIVE;
				GCC_WARN_UNUSED_FUNCTION = YES;
				GCC_WARN_UNUSED_VARIABLE = YES;
				IPHONEOS_DEPLOYMENT_TARGET = 11.2;
				MTL_ENABLE_DEBUG_INFO = NO;
				SDKROOT = iphoneos;
				SWIFT_OPTIMIZATION_LEVEL = "-Owholemodule";
				VALIDATE_PRODUCT = YES;
			};
			name = Release;
		};
		234301AF200C1A4B001385D4 /* Debug */ = {
			isa = XCBuildConfiguration;
			baseConfigurationReference = C8B13D0F5AC4F3B16CDC7A17 /* Pods-Flix.debug.xcconfig */;
			buildSettings = {
				ASSETCATALOG_COMPILER_APPICON_NAME = AppIcon;
				CODE_SIGN_STYLE = Automatic;
				INFOPLIST_FILE = Flix/Info.plist;
				LD_RUNPATH_SEARCH_PATHS = "$(inherited) @executable_path/Frameworks";
				PRODUCT_BUNDLE_IDENTIFIER = com.codepath.Flix;
				PRODUCT_NAME = "$(TARGET_NAME)";
				SWIFT_VERSION = 4.0;
				TARGETED_DEVICE_FAMILY = "1,2";
			};
			name = Debug;
		};
		234301B0200C1A4B001385D4 /* Release */ = {
			isa = XCBuildConfiguration;
			baseConfigurationReference = 13225E7F340A301661FBA38C /* Pods-Flix.release.xcconfig */;
			buildSettings = {
				ASSETCATALOG_COMPILER_APPICON_NAME = AppIcon;
				CODE_SIGN_STYLE = Automatic;
				INFOPLIST_FILE = Flix/Info.plist;
				LD_RUNPATH_SEARCH_PATHS = "$(inherited) @executable_path/Frameworks";
				PRODUCT_BUNDLE_IDENTIFIER = com.codepath.Flix;
				PRODUCT_NAME = "$(TARGET_NAME)";
				SWIFT_VERSION = 4.0;
				TARGETED_DEVICE_FAMILY = "1,2";
			};
			name = Release;
		};
		234301B2200C1A4B001385D4 /* Debug */ = {
			isa = XCBuildConfiguration;
			baseConfigurationReference = F041C25F4A93BDB83F0C894D /* Pods-FlixTests.debug.xcconfig */;
			buildSettings = {
				ALWAYS_EMBED_SWIFT_STANDARD_LIBRARIES = YES;
				BUNDLE_LOADER = "$(TEST_HOST)";
				CODE_SIGN_STYLE = Automatic;
				INFOPLIST_FILE = FlixTests/Info.plist;
				LD_RUNPATH_SEARCH_PATHS = "$(inherited) @executable_path/Frameworks @loader_path/Frameworks";
				PRODUCT_BUNDLE_IDENTIFIER = com.codepath.FlixTests;
				PRODUCT_NAME = "$(TARGET_NAME)";
				SWIFT_VERSION = 4.0;
				TARGETED_DEVICE_FAMILY = "1,2";
				TEST_HOST = "$(BUILT_PRODUCTS_DIR)/Flix.app/Flix";
			};
			name = Debug;
		};
		234301B3200C1A4B001385D4 /* Release */ = {
			isa = XCBuildConfiguration;
			baseConfigurationReference = 55BB96CE3E898600989F7273 /* Pods-FlixTests.release.xcconfig */;
			buildSettings = {
				ALWAYS_EMBED_SWIFT_STANDARD_LIBRARIES = YES;
				BUNDLE_LOADER = "$(TEST_HOST)";
				CODE_SIGN_STYLE = Automatic;
				INFOPLIST_FILE = FlixTests/Info.plist;
				LD_RUNPATH_SEARCH_PATHS = "$(inherited) @executable_path/Frameworks @loader_path/Frameworks";
				PRODUCT_BUNDLE_IDENTIFIER = com.codepath.FlixTests;
				PRODUCT_NAME = "$(TARGET_NAME)";
				SWIFT_VERSION = 4.0;
				TARGETED_DEVICE_FAMILY = "1,2";
				TEST_HOST = "$(BUILT_PRODUCTS_DIR)/Flix.app/Flix";
			};
			name = Release;
		};
		234301B5200C1A4B001385D4 /* Debug */ = {
			isa = XCBuildConfiguration;
			baseConfigurationReference = 2E4AC23496694CF4011D86DC /* Pods-FlixUITests.debug.xcconfig */;
			buildSettings = {
				ALWAYS_EMBED_SWIFT_STANDARD_LIBRARIES = YES;
				CODE_SIGN_STYLE = Automatic;
				INFOPLIST_FILE = FlixUITests/Info.plist;
				LD_RUNPATH_SEARCH_PATHS = "$(inherited) @executable_path/Frameworks @loader_path/Frameworks";
				PRODUCT_BUNDLE_IDENTIFIER = com.codepath.FlixUITests;
				PRODUCT_NAME = "$(TARGET_NAME)";
				SWIFT_VERSION = 4.0;
				TARGETED_DEVICE_FAMILY = "1,2";
				TEST_TARGET_NAME = Flix;
			};
			name = Debug;
		};
		234301B6200C1A4B001385D4 /* Release */ = {
			isa = XCBuildConfiguration;
			baseConfigurationReference = F55AFDDD5B729AC528120628 /* Pods-FlixUITests.release.xcconfig */;
			buildSettings = {
				ALWAYS_EMBED_SWIFT_STANDARD_LIBRARIES = YES;
				CODE_SIGN_STYLE = Automatic;
				INFOPLIST_FILE = FlixUITests/Info.plist;
				LD_RUNPATH_SEARCH_PATHS = "$(inherited) @executable_path/Frameworks @loader_path/Frameworks";
				PRODUCT_BUNDLE_IDENTIFIER = com.codepath.FlixUITests;
				PRODUCT_NAME = "$(TARGET_NAME)";
				SWIFT_VERSION = 4.0;
				TARGETED_DEVICE_FAMILY = "1,2";
				TEST_TARGET_NAME = Flix;
			};
			name = Release;
		};
/* End XCBuildConfiguration section */

/* Begin XCConfigurationList section */
		23430181200C1A4A001385D4 /* Build configuration list for PBXProject "Flix" */ = {
			isa = XCConfigurationList;
			buildConfigurations = (
				234301AC200C1A4B001385D4 /* Debug */,
				234301AD200C1A4B001385D4 /* Release */,
			);
			defaultConfigurationIsVisible = 0;
			defaultConfigurationName = Release;
		};
		234301AE200C1A4B001385D4 /* Build configuration list for PBXNativeTarget "Flix" */ = {
			isa = XCConfigurationList;
			buildConfigurations = (
				234301AF200C1A4B001385D4 /* Debug */,
				234301B0200C1A4B001385D4 /* Release */,
			);
			defaultConfigurationIsVisible = 0;
			defaultConfigurationName = Release;
		};
		234301B1200C1A4B001385D4 /* Build configuration list for PBXNativeTarget "FlixTests" */ = {
			isa = XCConfigurationList;
			buildConfigurations = (
				234301B2200C1A4B001385D4 /* Debug */,
				234301B3200C1A4B001385D4 /* Release */,
			);
			defaultConfigurationIsVisible = 0;
			defaultConfigurationName = Release;
		};
		234301B4200C1A4B001385D4 /* Build configuration list for PBXNativeTarget "FlixUITests" */ = {
			isa = XCConfigurationList;
			buildConfigurations = (
				234301B5200C1A4B001385D4 /* Debug */,
				234301B6200C1A4B001385D4 /* Release */,
			);
			defaultConfigurationIsVisible = 0;
			defaultConfigurationName = Release;
		};
/* End XCConfigurationList section */
	};
	rootObject = 2343017E200C1A4A001385D4 /* Project object */;
}
