// !$*UTF8*$!
{
	archiveVersion = 1;
	classes = {
	};
	objectVersion = 48;
	objects = {

/* Begin PBXBuildFile section */
		2343018A200C1A4B001385D4 /* AppDelegate.swift in Sources */ = {isa = PBXBuildFile; fileRef = 23430189200C1A4B001385D4 /* AppDelegate.swift */; };
		2343018F200C1A4B001385D4 /* Main.storyboard in Resources */ = {isa = PBXBuildFile; fileRef = 2343018D200C1A4B001385D4 /* Main.storyboard */; };
		23430191200C1A4B001385D4 /* Assets.xcassets in Resources */ = {isa = PBXBuildFile; fileRef = 23430190200C1A4B001385D4 /* Assets.xcassets */; };
		23430194200C1A4B001385D4 /* LaunchScreen.storyboard in Resources */ = {isa = PBXBuildFile; fileRef = 23430192200C1A4B001385D4 /* LaunchScreen.storyboard */; };
		2343019F200C1A4B001385D4 /* FlixTests.swift in Sources */ = {isa = PBXBuildFile; fileRef = 2343019E200C1A4B001385D4 /* FlixTests.swift */; };
		234301AA200C1A4B001385D4 /* FlixUITests.swift in Sources */ = {isa = PBXBuildFile; fileRef = 234301A9200C1A4B001385D4 /* FlixUITests.swift */; };
		234301B9200C1F6B001385D4 /* Now PlayingViewController.swift in Sources */ = {isa = PBXBuildFile; fileRef = 234301B8200C1F6B001385D4 /* Now PlayingViewController.swift */; };
		234301BB200D4F88001385D4 /* MovieCell.swift in Sources */ = {isa = PBXBuildFile; fileRef = 234301BA200D4F88001385D4 /* MovieCell.swift */; };
		234302392011AE7E001385D4 /* DetailViewController.swift in Sources */ = {isa = PBXBuildFile; fileRef = 234302382011AE7E001385D4 /* DetailViewController.swift */; };
		2343023B2011BA20001385D4 /* PosterCell.swift in Sources */ = {isa = PBXBuildFile; fileRef = 2343023A2011BA20001385D4 /* PosterCell.swift */; };
		2343023D2011BA8C001385D4 /* SuperheroViewController.swift in Sources */ = {isa = PBXBuildFile; fileRef = 2343023C2011BA8C001385D4 /* SuperheroViewController.swift */; };
		6C7A13508099820554CA0D69 /* Pods_FlixUITests.framework in Frameworks */ = {isa = PBXBuildFile; fileRef = EF65FF175C1AF140356B5CA3 /* Pods_FlixUITests.framework */; };
		955D66FB7B57B92321455FAF /* Pods_Flix.framework in Frameworks */ = {isa = PBXBuildFile; fileRef = 65EDE3165B6AABE9F058E21B /* Pods_Flix.framework */; };
		D4C25D7FD06AF42CCD30253B /* Pods_FlixTests.framework in Frameworks */ = {isa = PBXBuildFile; fileRef = 4B3B5BE02D42C0285959AEC3 /* Pods_FlixTests.framework */; };
/* End PBXBuildFile section */

/* Begin PBXContainerItemProxy section */
		2343019B200C1A4B001385D4 /* PBXContainerItemProxy */ = {
			isa = PBXContainerItemProxy;
			containerPortal = 2343017E200C1A4A001385D4 /* Project object */;
			proxyType = 1;
			remoteGlobalIDString = 23430185200C1A4A001385D4;
			remoteInfo = Flix;
		};
		234301A6200C1A4B001385D4 /* PBXContainerItemProxy */ = {
			isa = PBXContainerItemProxy;
			containerPortal = 2343017E200C1A4A001385D4 /* Project object */;
			proxyType = 1;
			remoteGlobalIDString = 23430185200C1A4A001385D4;
			remoteInfo = Flix;
		};
/* End PBXContainerItemProxy section */

/* Begin PBXFileReference section */
		23430186200C1A4B001385D4 /* Flix.app */ = {isa = PBXFileReference; explicitFileType = wrapper.application; includeInIndex = 0; path = Flix.app; sourceTree = BUILT_PRODUCTS_DIR; };
		23430189200C1A4B001385D4 /* AppDelegate.swift */ = {isa = PBXFileReference; lastKnownFileType = sourcecode.swift; path = AppDelegate.swift; sourceTree = "<group>"; };
		2343018E200C1A4B001385D4 /* Base */ = {isa = PBXFileReference; lastKnownFileType = file.storyboard; name = Base; path = Base.lproj/Main.storyboard; sourceTree = "<group>"; };
		23430190200C1A4B001385D4 /* Assets.xcassets */ = {isa = PBXFileReference; lastKnownFileType = folder.assetcatalog; path = Assets.xcassets; sourceTree = "<group>"; };
		23430193200C1A4B001385D4 /* Base */ = {isa = PBXFileReference; lastKnownFileType = file.storyboard; name = Base; path = Base.lproj/LaunchScreen.storyboard; sourceTree = "<group>"; };
		23430195200C1A4B001385D4 /* Info.plist */ = {isa = PBXFileReference; lastKnownFileType = text.plist.xml; path = Info.plist; sourceTree = "<group>"; };
		2343019A200C1A4B001385D4 /* FlixTests.xctest */ = {isa = PBXFileReference; explicitFileType = wrapper.cfbundle; includeInIndex = 0; path = FlixTests.xctest; sourceTree = BUILT_PRODUCTS_DIR; };
		2343019E200C1A4B001385D4 /* FlixTests.swift */ = {isa = PBXFileReference; lastKnownFileType = sourcecode.swift; path = FlixTests.swift; sourceTree = "<group>"; };
		234301A0200C1A4B001385D4 /* Info.plist */ = {isa = PBXFileReference; lastKnownFileType = text.plist.xml; path = Info.plist; sourceTree = "<group>"; };
		234301A5200C1A4B001385D4 /* FlixUITests.xctest */ = {isa = PBXFileReference; explicitFileType = wrapper.cfbundle; includeInIndex = 0; path = FlixUITests.xctest; sourceTree = BUILT_PRODUCTS_DIR; };
		234301A9200C1A4B001385D4 /* FlixUITests.swift */ = {isa = PBXFileReference; lastKnownFileType = sourcecode.swift; path = FlixUITests.swift; sourceTree = "<group>"; };
		234301AB200C1A4B001385D4 /* Info.plist */ = {isa = PBXFileReference; lastKnownFileType = text.plist.xml; path = Info.plist; sourceTree = "<group>"; };
		234301B8200C1F6B001385D4 /* Now PlayingViewController.swift */ = {isa = PBXFileReference; lastKnownFileType = sourcecode.swift; path = "Now PlayingViewController.swift"; sourceTree = "<group>"; };
		234301BA200D4F88001385D4 /* MovieCell.swift */ = {isa = PBXFileReference; lastKnownFileType = sourcecode.swift; path = MovieCell.swift; sourceTree = "<group>"; };
		234302382011AE7E001385D4 /* DetailViewController.swift */ = {isa = PBXFileReference; lastKnownFileType = sourcecode.swift; path = DetailViewController.swift; sourceTree = "<group>"; };
		2343023A2011BA20001385D4 /* PosterCell.swift */ = {isa = PBXFileReference; lastKnownFileType = sourcecode.swift; path = PosterCell.swift; sourceTree = "<group>"; };
		2343023C2011BA8C001385D4 /* SuperheroViewController.swift */ = {isa = PBXFileReference; lastKnownFileType = sourcecode.swift; path = SuperheroViewController.swift; sourceTree = "<group>"; };
		23FCEA95E94A7EE36AB8DAD5 /* Pods-FlixTests.debug.xcconfig */ = {isa = PBXFileReference; includeInIndex = 1; lastKnownFileType = text.xcconfig; name = "Pods-FlixTests.debug.xcconfig"; path = "Pods/Target Support Files/Pods-FlixTests/Pods-FlixTests.debug.xcconfig"; sourceTree = "<group>"; };
		4B3B5BE02D42C0285959AEC3 /* Pods_FlixTests.framework */ = {isa = PBXFileReference; explicitFileType = wrapper.framework; includeInIndex = 0; path = Pods_FlixTests.framework; sourceTree = BUILT_PRODUCTS_DIR; };
		5F10F646E1B9E30A5C3C9848 /* Pods-FlixUITests.debug.xcconfig */ = {isa = PBXFileReference; includeInIndex = 1; lastKnownFileType = text.xcconfig; name = "Pods-FlixUITests.debug.xcconfig"; path = "Pods/Target Support Files/Pods-FlixUITests/Pods-FlixUITests.debug.xcconfig"; sourceTree = "<group>"; };
		65EDE3165B6AABE9F058E21B /* Pods_Flix.framework */ = {isa = PBXFileReference; explicitFileType = wrapper.framework; includeInIndex = 0; path = Pods_Flix.framework; sourceTree = BUILT_PRODUCTS_DIR; };
		B2EB0B6D5E99A7FDE977A48F /* Pods-FlixTests.release.xcconfig */ = {isa = PBXFileReference; includeInIndex = 1; lastKnownFileType = text.xcconfig; name = "Pods-FlixTests.release.xcconfig"; path = "Pods/Target Support Files/Pods-FlixTests/Pods-FlixTests.release.xcconfig"; sourceTree = "<group>"; };
		BA577D06DB8A5F9D86A5CC7A /* Pods-Flix.release.xcconfig */ = {isa = PBXFileReference; includeInIndex = 1; lastKnownFileType = text.xcconfig; name = "Pods-Flix.release.xcconfig"; path = "Pods/Target Support Files/Pods-Flix/Pods-Flix.release.xcconfig"; sourceTree = "<group>"; };
		D2995BF610B2261DD66B7DC6 /* Pods-FlixUITests.release.xcconfig */ = {isa = PBXFileReference; includeInIndex = 1; lastKnownFileType = text.xcconfig; name = "Pods-FlixUITests.release.xcconfig"; path = "Pods/Target Support Files/Pods-FlixUITests/Pods-FlixUITests.release.xcconfig"; sourceTree = "<group>"; };
		D8A2DB6CAD98AB34C9492E3F /* Pods-Flix.debug.xcconfig */ = {isa = PBXFileReference; includeInIndex = 1; lastKnownFileType = text.xcconfig; name = "Pods-Flix.debug.xcconfig"; path = "Pods/Target Support Files/Pods-Flix/Pods-Flix.debug.xcconfig"; sourceTree = "<group>"; };
		EF65FF175C1AF140356B5CA3 /* Pods_FlixUITests.framework */ = {isa = PBXFileReference; explicitFileType = wrapper.framework; includeInIndex = 0; path = Pods_FlixUITests.framework; sourceTree = BUILT_PRODUCTS_DIR; };
/* End PBXFileReference section */

/* Begin PBXFrameworksBuildPhase section */
		23430183200C1A4A001385D4 /* Frameworks */ = {
			isa = PBXFrameworksBuildPhase;
			buildActionMask = 2147483647;
			files = (
				955D66FB7B57B92321455FAF /* Pods_Flix.framework in Frameworks */,
			);
			runOnlyForDeploymentPostprocessing = 0;
		};
		23430197200C1A4B001385D4 /* Frameworks */ = {
			isa = PBXFrameworksBuildPhase;
			buildActionMask = 2147483647;
			files = (
				D4C25D7FD06AF42CCD30253B /* Pods_FlixTests.framework in Frameworks */,
			);
			runOnlyForDeploymentPostprocessing = 0;
		};
		234301A2200C1A4B001385D4 /* Frameworks */ = {
			isa = PBXFrameworksBuildPhase;
			buildActionMask = 2147483647;
			files = (
				6C7A13508099820554CA0D69 /* Pods_FlixUITests.framework in Frameworks */,
			);
			runOnlyForDeploymentPostprocessing = 0;
		};
/* End PBXFrameworksBuildPhase section */

/* Begin PBXGroup section */
		2343017D200C1A4A001385D4 = {
			isa = PBXGroup;
			children = (
				23430188200C1A4B001385D4 /* Flix */,
				2343019D200C1A4B001385D4 /* FlixTests */,
				234301A8200C1A4B001385D4 /* FlixUITests */,
				23430187200C1A4B001385D4 /* Products */,
				447683D2A963D2848072DC30 /* Pods */,
				2D5774E7C4E3BB723A225A2B /* Frameworks */,
			);
			sourceTree = "<group>";
		};
		23430187200C1A4B001385D4 /* Products */ = {
			isa = PBXGroup;
			children = (
				23430186200C1A4B001385D4 /* Flix.app */,
				2343019A200C1A4B001385D4 /* FlixTests.xctest */,
				234301A5200C1A4B001385D4 /* FlixUITests.xctest */,
			);
			name = Products;
			sourceTree = "<group>";
		};
		23430188200C1A4B001385D4 /* Flix */ = {
			isa = PBXGroup;
			children = (
				234301B8200C1F6B001385D4 /* Now PlayingViewController.swift */,
				23430189200C1A4B001385D4 /* AppDelegate.swift */,
				2343018D200C1A4B001385D4 /* Main.storyboard */,
				23430190200C1A4B001385D4 /* Assets.xcassets */,
				23430192200C1A4B001385D4 /* LaunchScreen.storyboard */,
				23430195200C1A4B001385D4 /* Info.plist */,
				234301BA200D4F88001385D4 /* MovieCell.swift */,
				234302382011AE7E001385D4 /* DetailViewController.swift */,
				2343023A2011BA20001385D4 /* PosterCell.swift */,
				2343023C2011BA8C001385D4 /* SuperheroViewController.swift */,
			);
			path = Flix;
			sourceTree = "<group>";
		};
		2343019D200C1A4B001385D4 /* FlixTests */ = {
			isa = PBXGroup;
			children = (
				2343019E200C1A4B001385D4 /* FlixTests.swift */,
				234301A0200C1A4B001385D4 /* Info.plist */,
			);
			path = FlixTests;
			sourceTree = "<group>";
		};
		234301A8200C1A4B001385D4 /* FlixUITests */ = {
			isa = PBXGroup;
			children = (
				234301A9200C1A4B001385D4 /* FlixUITests.swift */,
				234301AB200C1A4B001385D4 /* Info.plist */,
			);
			path = FlixUITests;
			sourceTree = "<group>";
		};
		2D5774E7C4E3BB723A225A2B /* Frameworks */ = {
			isa = PBXGroup;
			children = (
				65EDE3165B6AABE9F058E21B /* Pods_Flix.framework */,
				4B3B5BE02D42C0285959AEC3 /* Pods_FlixTests.framework */,
				EF65FF175C1AF140356B5CA3 /* Pods_FlixUITests.framework */,
			);
			name = Frameworks;
			sourceTree = "<group>";
		};
		447683D2A963D2848072DC30 /* Pods */ = {
			isa = PBXGroup;
			children = (
				D8A2DB6CAD98AB34C9492E3F /* Pods-Flix.debug.xcconfig */,
				BA577D06DB8A5F9D86A5CC7A /* Pods-Flix.release.xcconfig */,
				23FCEA95E94A7EE36AB8DAD5 /* Pods-FlixTests.debug.xcconfig */,
				B2EB0B6D5E99A7FDE977A48F /* Pods-FlixTests.release.xcconfig */,
				5F10F646E1B9E30A5C3C9848 /* Pods-FlixUITests.debug.xcconfig */,
				D2995BF610B2261DD66B7DC6 /* Pods-FlixUITests.release.xcconfig */,
			);
			name = Pods;
			sourceTree = "<group>";
		};
/* End PBXGroup section */

/* Begin PBXNativeTarget section */
		23430185200C1A4A001385D4 /* Flix */ = {
			isa = PBXNativeTarget;
			buildConfigurationList = 234301AE200C1A4B001385D4 /* Build configuration list for PBXNativeTarget "Flix" */;
			buildPhases = (
				4586A04E0574C17B9423F67D /* [CP] Check Pods Manifest.lock */,
				23430182200C1A4A001385D4 /* Sources */,
				23430183200C1A4A001385D4 /* Frameworks */,
				23430184200C1A4A001385D4 /* Resources */,
				D251BD3D83DA1CA5E14EAE30 /* [CP] Embed Pods Frameworks */,
				99B4EFD48BEF6D2B560F7D38 /* [CP] Copy Pods Resources */,
			);
			buildRules = (
			);
			dependencies = (
			);
			name = Flix;
			productName = Flix;
			productReference = 23430186200C1A4B001385D4 /* Flix.app */;
			productType = "com.apple.product-type.application";
		};
		23430199200C1A4B001385D4 /* FlixTests */ = {
			isa = PBXNativeTarget;
			buildConfigurationList = 234301B1200C1A4B001385D4 /* Build configuration list for PBXNativeTarget "FlixTests" */;
			buildPhases = (
				DFAB958EBECF13E4B37A592C /* [CP] Check Pods Manifest.lock */,
				23430196200C1A4B001385D4 /* Sources */,
				23430197200C1A4B001385D4 /* Frameworks */,
				23430198200C1A4B001385D4 /* Resources */,
				2AEA5798F5DCFCEF2E32C249 /* [CP] Embed Pods Frameworks */,
				32C948BF8DA99029DA0495FD /* [CP] Copy Pods Resources */,
			);
			buildRules = (
			);
			dependencies = (
				2343019C200C1A4B001385D4 /* PBXTargetDependency */,
			);
			name = FlixTests;
			productName = FlixTests;
			productReference = 2343019A200C1A4B001385D4 /* FlixTests.xctest */;
			productType = "com.apple.product-type.bundle.unit-test";
		};
		234301A4200C1A4B001385D4 /* FlixUITests */ = {
			isa = PBXNativeTarget;
			buildConfigurationList = 234301B4200C1A4B001385D4 /* Build configuration list for PBXNativeTarget "FlixUITests" */;
			buildPhases = (
				144D2B3FDCC428FC63AC3597 /* [CP] Check Pods Manifest.lock */,
				234301A1200C1A4B001385D4 /* Sources */,
				234301A2200C1A4B001385D4 /* Frameworks */,
				234301A3200C1A4B001385D4 /* Resources */,
				EB2A4A06A37AD8C358A65281 /* [CP] Embed Pods Frameworks */,
				DEE797922375A565678FEDE2 /* [CP] Copy Pods Resources */,
			);
			buildRules = (
			);
			dependencies = (
				234301A7200C1A4B001385D4 /* PBXTargetDependency */,
			);
			name = FlixUITests;
			productName = FlixUITests;
			productReference = 234301A5200C1A4B001385D4 /* FlixUITests.xctest */;
			productType = "com.apple.product-type.bundle.ui-testing";
		};
/* End PBXNativeTarget section */

/* Begin PBXProject section */
		2343017E200C1A4A001385D4 /* Project object */ = {
			isa = PBXProject;
			attributes = {
				LastSwiftUpdateCheck = 0920;
				LastUpgradeCheck = 0920;
				ORGANIZATIONNAME = "Hussain Almajed";
				TargetAttributes = {
					23430185200C1A4A001385D4 = {
						CreatedOnToolsVersion = 9.2;
						ProvisioningStyle = Automatic;
					};
					23430199200C1A4B001385D4 = {
						CreatedOnToolsVersion = 9.2;
						ProvisioningStyle = Automatic;
						TestTargetID = 23430185200C1A4A001385D4;
					};
					234301A4200C1A4B001385D4 = {
						CreatedOnToolsVersion = 9.2;
						ProvisioningStyle = Automatic;
						TestTargetID = 23430185200C1A4A001385D4;
					};
				};
			};
			buildConfigurationList = 23430181200C1A4A001385D4 /* Build configuration list for PBXProject "Flix" */;
			compatibilityVersion = "Xcode 8.0";
			developmentRegion = en;
			hasScannedForEncodings = 0;
			knownRegions = (
				en,
				Base,
			);
			mainGroup = 2343017D200C1A4A001385D4;
			productRefGroup = 23430187200C1A4B001385D4 /* Products */;
			projectDirPath = "";
			projectRoot = "";
			targets = (
				23430185200C1A4A001385D4 /* Flix */,
				23430199200C1A4B001385D4 /* FlixTests */,
				234301A4200C1A4B001385D4 /* FlixUITests */,
			);
		};
/* End PBXProject section */

/* Begin PBXResourcesBuildPhase section */
		23430184200C1A4A001385D4 /* Resources */ = {
			isa = PBXResourcesBuildPhase;
			buildActionMask = 2147483647;
			files = (
				23430194200C1A4B001385D4 /* LaunchScreen.storyboard in Resources */,
				23430191200C1A4B001385D4 /* Assets.xcassets in Resources */,
				2343018F200C1A4B001385D4 /* Main.storyboard in Resources */,
			);
			runOnlyForDeploymentPostprocessing = 0;
		};
		23430198200C1A4B001385D4 /* Resources */ = {
			isa = PBXResourcesBuildPhase;
			buildActionMask = 2147483647;
			files = (
			);
			runOnlyForDeploymentPostprocessing = 0;
		};
		234301A3200C1A4B001385D4 /* Resources */ = {
			isa = PBXResourcesBuildPhase;
			buildActionMask = 2147483647;
			files = (
			);
			runOnlyForDeploymentPostprocessing = 0;
		};
/* End PBXResourcesBuildPhase section */

/* Begin PBXShellScriptBuildPhase section */
		144D2B3FDCC428FC63AC3597 /* [CP] Check Pods Manifest.lock */ = {
			isa = PBXShellScriptBuildPhase;
			buildActionMask = 2147483647;
			files = (
			);
			inputPaths = (
				"${PODS_PODFILE_DIR_PATH}/Podfile.lock",
				"${PODS_ROOT}/Manifest.lock",
			);
			name = "[CP] Check Pods Manifest.lock";
			outputPaths = (
				"$(DERIVED_FILE_DIR)/Pods-FlixUITests-checkManifestLockResult.txt",
			);
			runOnlyForDeploymentPostprocessing = 0;
			shellPath = /bin/sh;
			shellScript = "diff \"${PODS_PODFILE_DIR_PATH}/Podfile.lock\" \"${PODS_ROOT}/Manifest.lock\" > /dev/null\nif [ $? != 0 ] ; then\n    # print error to STDERR\n    echo \"error: The sandbox is not in sync with the Podfile.lock. Run 'pod install' or update your CocoaPods installation.\" >&2\n    exit 1\nfi\n# This output is used by Xcode 'outputs' to avoid re-running this script phase.\necho \"SUCCESS\" > \"${SCRIPT_OUTPUT_FILE_0}\"\n";
			showEnvVarsInLog = 0;
		};
		2AEA5798F5DCFCEF2E32C249 /* [CP] Embed Pods Frameworks */ = {
			isa = PBXShellScriptBuildPhase;
			buildActionMask = 2147483647;
			files = (
			);
			inputPaths = (
			);
			name = "[CP] Embed Pods Frameworks";
			outputPaths = (
			);
			runOnlyForDeploymentPostprocessing = 0;
			shellPath = /bin/sh;
			shellScript = "\"${SRCROOT}/Pods/Target Support Files/Pods-FlixTests/Pods-FlixTests-frameworks.sh\"\n";
			showEnvVarsInLog = 0;
		};
		32C948BF8DA99029DA0495FD /* [CP] Copy Pods Resources */ = {
			isa = PBXShellScriptBuildPhase;
			buildActionMask = 2147483647;
			files = (
			);
			inputPaths = (
			);
			name = "[CP] Copy Pods Resources";
			outputPaths = (
			);
			runOnlyForDeploymentPostprocessing = 0;
			shellPath = /bin/sh;
			shellScript = "\"${SRCROOT}/Pods/Target Support Files/Pods-FlixTests/Pods-FlixTests-resources.sh\"\n";
			showEnvVarsInLog = 0;
		};
		4586A04E0574C17B9423F67D /* [CP] Check Pods Manifest.lock */ = {
			isa = PBXShellScriptBuildPhase;
			buildActionMask = 2147483647;
			files = (
			);
			inputPaths = (
				"${PODS_PODFILE_DIR_PATH}/Podfile.lock",
				"${PODS_ROOT}/Manifest.lock",
			);
			name = "[CP] Check Pods Manifest.lock";
			outputPaths = (
				"$(DERIVED_FILE_DIR)/Pods-Flix-checkManifestLockResult.txt",
			);
			runOnlyForDeploymentPostprocessing = 0;
			shellPath = /bin/sh;
			shellScript = "diff \"${PODS_PODFILE_DIR_PATH}/Podfile.lock\" \"${PODS_ROOT}/Manifest.lock\" > /dev/null\nif [ $? != 0 ] ; then\n    # print error to STDERR\n    echo \"error: The sandbox is not in sync with the Podfile.lock. Run 'pod install' or update your CocoaPods installation.\" >&2\n    exit 1\nfi\n# This output is used by Xcode 'outputs' to avoid re-running this script phase.\necho \"SUCCESS\" > \"${SCRIPT_OUTPUT_FILE_0}\"\n";
			showEnvVarsInLog = 0;
		};
		99B4EFD48BEF6D2B560F7D38 /* [CP] Copy Pods Resources */ = {
			isa = PBXShellScriptBuildPhase;
			buildActionMask = 2147483647;
			files = (
			);
			inputPaths = (
			);
			name = "[CP] Copy Pods Resources";
			outputPaths = (
			);
			runOnlyForDeploymentPostprocessing = 0;
			shellPath = /bin/sh;
			shellScript = "\"${SRCROOT}/Pods/Target Support Files/Pods-Flix/Pods-Flix-resources.sh\"\n";
			showEnvVarsInLog = 0;
		};
		D251BD3D83DA1CA5E14EAE30 /* [CP] Embed Pods Frameworks */ = {
			isa = PBXShellScriptBuildPhase;
			buildActionMask = 2147483647;
			files = (
			);
			inputPaths = (
				"${SRCROOT}/Pods/Target Support Files/Pods-Flix/Pods-Flix-frameworks.sh",
				"${BUILT_PRODUCTS_DIR}/Alamofire/Alamofire.framework",
				"${BUILT_PRODUCTS_DIR}/AlamofireImage/AlamofireImage.framework",
			);
			name = "[CP] Embed Pods Frameworks";
			outputPaths = (
				"${TARGET_BUILD_DIR}/${FRAMEWORKS_FOLDER_PATH}/Alamofire.framework",
				"${TARGET_BUILD_DIR}/${FRAMEWORKS_FOLDER_PATH}/AlamofireImage.framework",
			);
			runOnlyForDeploymentPostprocessing = 0;
			shellPath = /bin/sh;
			shellScript = "\"${SRCROOT}/Pods/Target Support Files/Pods-Flix/Pods-Flix-frameworks.sh\"\n";
			showEnvVarsInLog = 0;
		};
		DEE797922375A565678FEDE2 /* [CP] Copy Pods Resources */ = {
			isa = PBXShellScriptBuildPhase;
			buildActionMask = 2147483647;
			files = (
			);
			inputPaths = (
			);
			name = "[CP] Copy Pods Resources";
			outputPaths = (
			);
			runOnlyForDeploymentPostprocessing = 0;
			shellPath = /bin/sh;
			shellScript = "\"${SRCROOT}/Pods/Target Support Files/Pods-FlixUITests/Pods-FlixUITests-resources.sh\"\n";
			showEnvVarsInLog = 0;
		};
		DFAB958EBECF13E4B37A592C /* [CP] Check Pods Manifest.lock */ = {
			isa = PBXShellScriptBuildPhase;
			buildActionMask = 2147483647;
			files = (
			);
			inputPaths = (
				"${PODS_PODFILE_DIR_PATH}/Podfile.lock",
				"${PODS_ROOT}/Manifest.lock",
			);
			name = "[CP] Check Pods Manifest.lock";
			outputPaths = (
				"$(DERIVED_FILE_DIR)/Pods-FlixTests-checkManifestLockResult.txt",
			);
			runOnlyForDeploymentPostprocessing = 0;
			shellPath = /bin/sh;
			shellScript = "diff \"${PODS_PODFILE_DIR_PATH}/Podfile.lock\" \"${PODS_ROOT}/Manifest.lock\" > /dev/null\nif [ $? != 0 ] ; then\n    # print error to STDERR\n    echo \"error: The sandbox is not in sync with the Podfile.lock. Run 'pod install' or update your CocoaPods installation.\" >&2\n    exit 1\nfi\n# This output is used by Xcode 'outputs' to avoid re-running this script phase.\necho \"SUCCESS\" > \"${SCRIPT_OUTPUT_FILE_0}\"\n";
			showEnvVarsInLog = 0;
		};
		EB2A4A06A37AD8C358A65281 /* [CP] Embed Pods Frameworks */ = {
			isa = PBXShellScriptBuildPhase;
			buildActionMask = 2147483647;
			files = (
			);
			inputPaths = (
			);
			name = "[CP] Embed Pods Frameworks";
			outputPaths = (
			);
			runOnlyForDeploymentPostprocessing = 0;
			shellPath = /bin/sh;
			shellScript = "\"${SRCROOT}/Pods/Target Support Files/Pods-FlixUITests/Pods-FlixUITests-frameworks.sh\"\n";
			showEnvVarsInLog = 0;
		};
/* End PBXShellScriptBuildPhase section */

/* Begin PBXSourcesBuildPhase section */
		23430182200C1A4A001385D4 /* Sources */ = {
			isa = PBXSourcesBuildPhase;
			buildActionMask = 2147483647;
			files = (
				2343018A200C1A4B001385D4 /* AppDelegate.swift in Sources */,
				2343023B2011BA20001385D4 /* PosterCell.swift in Sources */,
				2343023D2011BA8C001385D4 /* SuperheroViewController.swift in Sources */,
				234301B9200C1F6B001385D4 /* Now PlayingViewController.swift in Sources */,
				234301BB200D4F88001385D4 /* MovieCell.swift in Sources */,
				234302392011AE7E001385D4 /* DetailViewController.swift in Sources */,
			);
			runOnlyForDeploymentPostprocessing = 0;
		};
		23430196200C1A4B001385D4 /* Sources */ = {
			isa = PBXSourcesBuildPhase;
			buildActionMask = 2147483647;
			files = (
				2343019F200C1A4B001385D4 /* FlixTests.swift in Sources */,
			);
			runOnlyForDeploymentPostprocessing = 0;
		};
		234301A1200C1A4B001385D4 /* Sources */ = {
			isa = PBXSourcesBuildPhase;
			buildActionMask = 2147483647;
			files = (
				234301AA200C1A4B001385D4 /* FlixUITests.swift in Sources */,
			);
			runOnlyForDeploymentPostprocessing = 0;
		};
/* End PBXSourcesBuildPhase section */

/* Begin PBXTargetDependency section */
		2343019C200C1A4B001385D4 /* PBXTargetDependency */ = {
			isa = PBXTargetDependency;
			target = 23430185200C1A4A001385D4 /* Flix */;
			targetProxy = 2343019B200C1A4B001385D4 /* PBXContainerItemProxy */;
		};
		234301A7200C1A4B001385D4 /* PBXTargetDependency */ = {
			isa = PBXTargetDependency;
			target = 23430185200C1A4A001385D4 /* Flix */;
			targetProxy = 234301A6200C1A4B001385D4 /* PBXContainerItemProxy */;
		};
/* End PBXTargetDependency section */

/* Begin PBXVariantGroup section */
		2343018D200C1A4B001385D4 /* Main.storyboard */ = {
			isa = PBXVariantGroup;
			children = (
				2343018E200C1A4B001385D4 /* Base */,
			);
			name = Main.storyboard;
			sourceTree = "<group>";
		};
		23430192200C1A4B001385D4 /* LaunchScreen.storyboard */ = {
			isa = PBXVariantGroup;
			children = (
				23430193200C1A4B001385D4 /* Base */,
			);
			name = LaunchScreen.storyboard;
			sourceTree = "<group>";
		};
/* End PBXVariantGroup section */

/* Begin XCBuildConfiguration section */
		234301AC200C1A4B001385D4 /* Debug */ = {
			isa = XCBuildConfiguration;
			buildSettings = {
				ALWAYS_SEARCH_USER_PATHS = NO;
				CLANG_ANALYZER_NONNULL = YES;
				CLANG_ANALYZER_NUMBER_OBJECT_CONVERSION = YES_AGGRESSIVE;
				CLANG_CXX_LANGUAGE_STANDARD = "gnu++14";
				CLANG_CXX_LIBRARY = "libc++";
				CLANG_ENABLE_MODULES = YES;
				CLANG_ENABLE_OBJC_ARC = YES;
				CLANG_WARN_BLOCK_CAPTURE_AUTORELEASING = YES;
				CLANG_WARN_BOOL_CONVERSION = YES;
				CLANG_WARN_COMMA = YES;
				CLANG_WARN_CONSTANT_CONVERSION = YES;
				CLANG_WARN_DIRECT_OBJC_ISA_USAGE = YES_ERROR;
				CLANG_WARN_DOCUMENTATION_COMMENTS = YES;
				CLANG_WARN_EMPTY_BODY = YES;
				CLANG_WARN_ENUM_CONVERSION = YES;
				CLANG_WARN_INFINITE_RECURSION = YES;
				CLANG_WARN_INT_CONVERSION = YES;
				CLANG_WARN_NON_LITERAL_NULL_CONVERSION = YES;
				CLANG_WARN_OBJC_LITERAL_CONVERSION = YES;
				CLANG_WARN_OBJC_ROOT_CLASS = YES_ERROR;
				CLANG_WARN_RANGE_LOOP_ANALYSIS = YES;
				CLANG_WARN_STRICT_PROTOTYPES = YES;
				CLANG_WARN_SUSPICIOUS_MOVE = YES;
				CLANG_WARN_UNGUARDED_AVAILABILITY = YES_AGGRESSIVE;
				CLANG_WARN_UNREACHABLE_CODE = YES;
				CLANG_WARN__DUPLICATE_METHOD_MATCH = YES;
				CODE_SIGN_IDENTITY = "iPhone Developer";
				COPY_PHASE_STRIP = NO;
				DEBUG_INFORMATION_FORMAT = dwarf;
				ENABLE_STRICT_OBJC_MSGSEND = YES;
				ENABLE_TESTABILITY = YES;
				GCC_C_LANGUAGE_STANDARD = gnu11;
				GCC_DYNAMIC_NO_PIC = NO;
				GCC_NO_COMMON_BLOCKS = YES;
				GCC_OPTIMIZATION_LEVEL = 0;
				GCC_PREPROCESSOR_DEFINITIONS = (
					"DEBUG=1",
					"$(inherited)",
				);
				GCC_WARN_64_TO_32_BIT_CONVERSION = YES;
				GCC_WARN_ABOUT_RETURN_TYPE = YES_ERROR;
				GCC_WARN_UNDECLARED_SELECTOR = YES;
				GCC_WARN_UNINITIALIZED_AUTOS = YES_AGGRESSIVE;
				GCC_WARN_UNUSED_FUNCTION = YES;
				GCC_WARN_UNUSED_VARIABLE = YES;
				IPHONEOS_DEPLOYMENT_TARGET = 11.2;
				MTL_ENABLE_DEBUG_INFO = YES;
				ONLY_ACTIVE_ARCH = YES;
				SDKROOT = iphoneos;
				SWIFT_ACTIVE_COMPILATION_CONDITIONS = DEBUG;
				SWIFT_OPTIMIZATION_LEVEL = "-Onone";
			};
			name = Debug;
		};
		234301AD200C1A4B001385D4 /* Release */ = {
			isa = XCBuildConfiguration;
			buildSettings = {
				ALWAYS_SEARCH_USER_PATHS = NO;
				CLANG_ANALYZER_NONNULL = YES;
				CLANG_ANALYZER_NUMBER_OBJECT_CONVERSION = YES_AGGRESSIVE;
				CLANG_CXX_LANGUAGE_STANDARD = "gnu++14";
				CLANG_CXX_LIBRARY = "libc++";
				CLANG_ENABLE_MODULES = YES;
				CLANG_ENABLE_OBJC_ARC = YES;
				CLANG_WARN_BLOCK_CAPTURE_AUTORELEASING = YES;
				CLANG_WARN_BOOL_CONVERSION = YES;
				CLANG_WARN_COMMA = YES;
				CLANG_WARN_CONSTANT_CONVERSION = YES;
				CLANG_WARN_DIRECT_OBJC_ISA_USAGE = YES_ERROR;
				CLANG_WARN_DOCUMENTATION_COMMENTS = YES;
				CLANG_WARN_EMPTY_BODY = YES;
				CLANG_WARN_ENUM_CONVERSION = YES;
				CLANG_WARN_INFINITE_RECURSION = YES;
				CLANG_WARN_INT_CONVERSION = YES;
				CLANG_WARN_NON_LITERAL_NULL_CONVERSION = YES;
				CLANG_WARN_OBJC_LITERAL_CONVERSION = YES;
				CLANG_WARN_OBJC_ROOT_CLASS = YES_ERROR;
				CLANG_WARN_RANGE_LOOP_ANALYSIS = YES;
				CLANG_WARN_STRICT_PROTOTYPES = YES;
				CLANG_WARN_SUSPICIOUS_MOVE = YES;
				CLANG_WARN_UNGUARDED_AVAILABILITY = YES_AGGRESSIVE;
				CLANG_WARN_UNREACHABLE_CODE = YES;
				CLANG_WARN__DUPLICATE_METHOD_MATCH = YES;
				CODE_SIGN_IDENTITY = "iPhone Developer";
				COPY_PHASE_STRIP = NO;
				DEBUG_INFORMATION_FORMAT = "dwarf-with-dsym";
				ENABLE_NS_ASSERTIONS = NO;
				ENABLE_STRICT_OBJC_MSGSEND = YES;
				GCC_C_LANGUAGE_STANDARD = gnu11;
				GCC_NO_COMMON_BLOCKS = YES;
				GCC_WARN_64_TO_32_BIT_CONVERSION = YES;
				GCC_WARN_ABOUT_RETURN_TYPE = YES_ERROR;
				GCC_WARN_UNDECLARED_SELECTOR = YES;
				GCC_WARN_UNINITIALIZED_AUTOS = YES_AGGRESSIVE;
				GCC_WARN_UNUSED_FUNCTION = YES;
				GCC_WARN_UNUSED_VARIABLE = YES;
				IPHONEOS_DEPLOYMENT_TARGET = 11.2;
				MTL_ENABLE_DEBUG_INFO = NO;
				SDKROOT = iphoneos;
				SWIFT_OPTIMIZATION_LEVEL = "-Owholemodule";
				VALIDATE_PRODUCT = YES;
			};
			name = Release;
		};
		234301AF200C1A4B001385D4 /* Debug */ = {
			isa = XCBuildConfiguration;
			baseConfigurationReference = D8A2DB6CAD98AB34C9492E3F /* Pods-Flix.debug.xcconfig */;
			buildSettings = {
				ASSETCATALOG_COMPILER_APPICON_NAME = AppIcon;
				CODE_SIGN_STYLE = Automatic;
				INFOPLIST_FILE = Flix/Info.plist;
				LD_RUNPATH_SEARCH_PATHS = "$(inherited) @executable_path/Frameworks";
				PRODUCT_BUNDLE_IDENTIFIER = com.codepath.Flix;
				PRODUCT_NAME = "$(TARGET_NAME)";
				SWIFT_VERSION = 4.0;
				TARGETED_DEVICE_FAMILY = "1,2";
			};
			name = Debug;
		};
		234301B0200C1A4B001385D4 /* Release */ = {
			isa = XCBuildConfiguration;
			baseConfigurationReference = BA577D06DB8A5F9D86A5CC7A /* Pods-Flix.release.xcconfig */;
			buildSettings = {
				ASSETCATALOG_COMPILER_APPICON_NAME = AppIcon;
				CODE_SIGN_STYLE = Automatic;
				INFOPLIST_FILE = Flix/Info.plist;
				LD_RUNPATH_SEARCH_PATHS = "$(inherited) @executable_path/Frameworks";
				PRODUCT_BUNDLE_IDENTIFIER = com.codepath.Flix;
				PRODUCT_NAME = "$(TARGET_NAME)";
				SWIFT_VERSION = 4.0;
				TARGETED_DEVICE_FAMILY = "1,2";
			};
			name = Release;
		};
		234301B2200C1A4B001385D4 /* Debug */ = {
			isa = XCBuildConfiguration;
			baseConfigurationReference = 23FCEA95E94A7EE36AB8DAD5 /* Pods-FlixTests.debug.xcconfig */;
			buildSettings = {
				ALWAYS_EMBED_SWIFT_STANDARD_LIBRARIES = YES;
				BUNDLE_LOADER = "$(TEST_HOST)";
				CODE_SIGN_STYLE = Automatic;
				INFOPLIST_FILE = FlixTests/Info.plist;
				LD_RUNPATH_SEARCH_PATHS = "$(inherited) @executable_path/Frameworks @loader_path/Frameworks";
				PRODUCT_BUNDLE_IDENTIFIER = com.codepath.FlixTests;
				PRODUCT_NAME = "$(TARGET_NAME)";
				SWIFT_VERSION = 4.0;
				TARGETED_DEVICE_FAMILY = "1,2";
				TEST_HOST = "$(BUILT_PRODUCTS_DIR)/Flix.app/Flix";
			};
			name = Debug;
		};
		234301B3200C1A4B001385D4 /* Release */ = {
			isa = XCBuildConfiguration;
			baseConfigurationReference = B2EB0B6D5E99A7FDE977A48F /* Pods-FlixTests.release.xcconfig */;
			buildSettings = {
				ALWAYS_EMBED_SWIFT_STANDARD_LIBRARIES = YES;
				BUNDLE_LOADER = "$(TEST_HOST)";
				CODE_SIGN_STYLE = Automatic;
				INFOPLIST_FILE = FlixTests/Info.plist;
				LD_RUNPATH_SEARCH_PATHS = "$(inherited) @executable_path/Frameworks @loader_path/Frameworks";
				PRODUCT_BUNDLE_IDENTIFIER = com.codepath.FlixTests;
				PRODUCT_NAME = "$(TARGET_NAME)";
				SWIFT_VERSION = 4.0;
				TARGETED_DEVICE_FAMILY = "1,2";
				TEST_HOST = "$(BUILT_PRODUCTS_DIR)/Flix.app/Flix";
			};
			name = Release;
		};
		234301B5200C1A4B001385D4 /* Debug */ = {
			isa = XCBuildConfiguration;
			baseConfigurationReference = 5F10F646E1B9E30A5C3C9848 /* Pods-FlixUITests.debug.xcconfig */;
			buildSettings = {
				ALWAYS_EMBED_SWIFT_STANDARD_LIBRARIES = YES;
				CODE_SIGN_STYLE = Automatic;
				INFOPLIST_FILE = FlixUITests/Info.plist;
				LD_RUNPATH_SEARCH_PATHS = "$(inherited) @executable_path/Frameworks @loader_path/Frameworks";
				PRODUCT_BUNDLE_IDENTIFIER = com.codepath.FlixUITests;
				PRODUCT_NAME = "$(TARGET_NAME)";
				SWIFT_VERSION = 4.0;
				TARGETED_DEVICE_FAMILY = "1,2";
				TEST_TARGET_NAME = Flix;
			};
			name = Debug;
		};
		234301B6200C1A4B001385D4 /* Release */ = {
			isa = XCBuildConfiguration;
			baseConfigurationReference = D2995BF610B2261DD66B7DC6 /* Pods-FlixUITests.release.xcconfig */;
			buildSettings = {
				ALWAYS_EMBED_SWIFT_STANDARD_LIBRARIES = YES;
				CODE_SIGN_STYLE = Automatic;
				INFOPLIST_FILE = FlixUITests/Info.plist;
				LD_RUNPATH_SEARCH_PATHS = "$(inherited) @executable_path/Frameworks @loader_path/Frameworks";
				PRODUCT_BUNDLE_IDENTIFIER = com.codepath.FlixUITests;
				PRODUCT_NAME = "$(TARGET_NAME)";
				SWIFT_VERSION = 4.0;
				TARGETED_DEVICE_FAMILY = "1,2";
				TEST_TARGET_NAME = Flix;
			};
			name = Release;
		};
/* End XCBuildConfiguration section */

/* Begin XCConfigurationList section */
		23430181200C1A4A001385D4 /* Build configuration list for PBXProject "Flix" */ = {
			isa = XCConfigurationList;
			buildConfigurations = (
				234301AC200C1A4B001385D4 /* Debug */,
				234301AD200C1A4B001385D4 /* Release */,
			);
			defaultConfigurationIsVisible = 0;
			defaultConfigurationName = Release;
		};
		234301AE200C1A4B001385D4 /* Build configuration list for PBXNativeTarget "Flix" */ = {
			isa = XCConfigurationList;
			buildConfigurations = (
				234301AF200C1A4B001385D4 /* Debug */,
				234301B0200C1A4B001385D4 /* Release */,
			);
			defaultConfigurationIsVisible = 0;
			defaultConfigurationName = Release;
		};
		234301B1200C1A4B001385D4 /* Build configuration list for PBXNativeTarget "FlixTests" */ = {
			isa = XCConfigurationList;
			buildConfigurations = (
				234301B2200C1A4B001385D4 /* Debug */,
				234301B3200C1A4B001385D4 /* Release */,
			);
			defaultConfigurationIsVisible = 0;
			defaultConfigurationName = Release;
		};
		234301B4200C1A4B001385D4 /* Build configuration list for PBXNativeTarget "FlixUITests" */ = {
			isa = XCConfigurationList;
			buildConfigurations = (
				234301B5200C1A4B001385D4 /* Debug */,
				234301B6200C1A4B001385D4 /* Release */,
			);
			defaultConfigurationIsVisible = 0;
			defaultConfigurationName = Release;
		};
/* End XCConfigurationList section */
	};
	rootObject = 2343017E200C1A4A001385D4 /* Project object */;
}
